
Microsoft Visual Studio Solution File, Format Version 12.00
# Visual Studio 15
VisualStudioVersion = 15.0.27130.2024
MinimumVisualStudioVersion = 10.0.40219.1
Project("{9A19103F-16F7-4668-BE54-9A1E7A4F7556}") = "Arrays - Exercises", "Arrays - Exercises\Arrays - Exercises.csproj", "{10E0AF97-FABF-4416-BDC7-888D79119F6C}"
EndProject
Project("{9A19103F-16F7-4668-BE54-9A1E7A4F7556}") = "4. Sieve of Eratosthenes", "4. Sieve of Eratosthenes\4. Sieve of Eratosthenes.csproj", "{7B9F4478-E833-41FD-8B8D-0A407565471A}"
EndProject
Project("{9A19103F-16F7-4668-BE54-9A1E7A4F7556}") = "6. Max Sequence of Equal Elements", "6. Max Sequence of Equal Elements\6. Max Sequence of Equal Elements.csproj", "{424A299B-2018-4C83-9570-BF913B9ECEBC}"
EndProject
Project("{9A19103F-16F7-4668-BE54-9A1E7A4F7556}") = "7. Max Sequence of Increasing Elements", "7. Max Sequence of Increasing Elements\7. Max Sequence of Increasing Elements.csproj", "{3C0892BB-E7C5-4CBF-81AB-4A72CCD1FA7E}"
EndProject
Project("{9A19103F-16F7-4668-BE54-9A1E7A4F7556}") = "5. Compare Char Arrays", "5. Compare Char Arrays\5. Compare Char Arrays.csproj", "{39A96480-2E6A-42A6-997B-F4AEDC668D33}"
EndProject
Project("{9A19103F-16F7-4668-BE54-9A1E7A4F7556}") = "01. Largest Common End", "01. Largest Common End\01. Largest Common End.csproj", "{55E11AA8-D942-4B21-9465-442E65C6BA2E}"
EndProject
Project("{9A19103F-16F7-4668-BE54-9A1E7A4F7556}") = "02. Rotate and Sum", "02. Rotate and Sum\02. Rotate and Sum.csproj", "{B969109C-D955-4E0A-A507-921799C26F47}"
EndProject
Project("{9A19103F-16F7-4668-BE54-9A1E7A4F7556}") = "03. Fold and Sum", "03. Fold and Sum\03. Fold and Sum.csproj", "{A075758A-DA95-4F4C-AAB9-CFF8708A433F}"
EndProject
Project("{9A19103F-16F7-4668-BE54-9A1E7A4F7556}") = "08. Most Frequent Number", "08. Most Frequent Number\08. Most Frequent Number.csproj", "{C56886E0-42D2-48D3-8034-B16881ABB1B7}"
EndProject
Project("{9A19103F-16F7-4668-BE54-9A1E7A4F7556}") = "09. Index of Letters", "09. Index of Letters\09. Index of Letters.csproj", "{16084759-34B0-4C62-B0E1-A4F919FBA716}"
EndProject
Project("{9A19103F-16F7-4668-BE54-9A1E7A4F7556}") = "10. Pairs by Difference", "10. Pairs by Difference\10. Pairs by Difference.csproj", "{A69F8A62-51BF-46C9-8375-5C025C694B16}"
EndProject
Project("{FAE04EC0-301F-11D3-BF4B-00C04F79EFBC}") = "11. Equal Sums", "11. Equal Sums\11. Equal Sums.csproj", "{8CC73698-B748-4B78-B213-FACF91CAB669}"
EndProject
Global
	GlobalSection(SolutionConfigurationPlatforms) = preSolution
		Debug|Any CPU = Debug|Any CPU
		Release|Any CPU = Release|Any CPU
	EndGlobalSection
	GlobalSection(ProjectConfigurationPlatforms) = postSolution
		{10E0AF97-FABF-4416-BDC7-888D79119F6C}.Debug|Any CPU.ActiveCfg = Debug|Any CPU
		{10E0AF97-FABF-4416-BDC7-888D79119F6C}.Debug|Any CPU.Build.0 = Debug|Any CPU
		{10E0AF97-FABF-4416-BDC7-888D79119F6C}.Release|Any CPU.ActiveCfg = Release|Any CPU
		{10E0AF97-FABF-4416-BDC7-888D79119F6C}.Release|Any CPU.Build.0 = Release|Any CPU
		{7B9F4478-E833-41FD-8B8D-0A407565471A}.Debug|Any CPU.ActiveCfg = Debug|Any CPU
		{7B9F4478-E833-41FD-8B8D-0A407565471A}.Debug|Any CPU.Build.0 = Debug|Any CPU
		{7B9F4478-E833-41FD-8B8D-0A407565471A}.Release|Any CPU.ActiveCfg = Release|Any CPU
		{7B9F4478-E833-41FD-8B8D-0A407565471A}.Release|Any CPU.Build.0 = Release|Any CPU
		{424A299B-2018-4C83-9570-BF913B9ECEBC}.Debug|Any CPU.ActiveCfg = Debug|Any CPU
		{424A299B-2018-4C83-9570-BF913B9ECEBC}.Debug|Any CPU.Build.0 = Debug|Any CPU
		{424A299B-2018-4C83-9570-BF913B9ECEBC}.Release|Any CPU.ActiveCfg = Release|Any CPU
		{424A299B-2018-4C83-9570-BF913B9ECEBC}.Release|Any CPU.Build.0 = Release|Any CPU
		{3C0892BB-E7C5-4CBF-81AB-4A72CCD1FA7E}.Debug|Any CPU.ActiveCfg = Debug|Any CPU
		{3C0892BB-E7C5-4CBF-81AB-4A72CCD1FA7E}.Debug|Any CPU.Build.0 = Debug|Any CPU
		{3C0892BB-E7C5-4CBF-81AB-4A72CCD1FA7E}.Release|Any CPU.ActiveCfg = Release|Any CPU
		{3C0892BB-E7C5-4CBF-81AB-4A72CCD1FA7E}.Release|Any CPU.Build.0 = Release|Any CPU
		{39A96480-2E6A-42A6-997B-F4AEDC668D33}.Debug|Any CPU.ActiveCfg = Debug|Any CPU
		{39A96480-2E6A-42A6-997B-F4AEDC668D33}.Debug|Any CPU.Build.0 = Debug|Any CPU
		{39A96480-2E6A-42A6-997B-F4AEDC668D33}.Release|Any CPU.ActiveCfg = Release|Any CPU
		{39A96480-2E6A-42A6-997B-F4AEDC668D33}.Release|Any CPU.Build.0 = Release|Any CPU
		{55E11AA8-D942-4B21-9465-442E65C6BA2E}.Debug|Any CPU.ActiveCfg = Debug|Any CPU
		{55E11AA8-D942-4B21-9465-442E65C6BA2E}.Debug|Any CPU.Build.0 = Debug|Any CPU
		{55E11AA8-D942-4B21-9465-442E65C6BA2E}.Release|Any CPU.ActiveCfg = Release|Any CPU
		{55E11AA8-D942-4B21-9465-442E65C6BA2E}.Release|Any CPU.Build.0 = Release|Any CPU
		{B969109C-D955-4E0A-A507-921799C26F47}.Debug|Any CPU.ActiveCfg = Debug|Any CPU
		{B969109C-D955-4E0A-A507-921799C26F47}.Debug|Any CPU.Build.0 = Debug|Any CPU
		{B969109C-D955-4E0A-A507-921799C26F47}.Release|Any CPU.ActiveCfg = Release|Any CPU
		{B969109C-D955-4E0A-A507-921799C26F47}.Release|Any CPU.Build.0 = Release|Any CPU
		{A075758A-DA95-4F4C-AAB9-CFF8708A433F}.Debug|Any CPU.ActiveCfg = Debug|Any CPU
		{A075758A-DA95-4F4C-AAB9-CFF8708A433F}.Debug|Any CPU.Build.0 = Debug|Any CPU
		{A075758A-DA95-4F4C-AAB9-CFF8708A433F}.Release|Any CPU.ActiveCfg = Release|Any CPU
		{A075758A-DA95-4F4C-AAB9-CFF8708A433F}.Release|Any CPU.Build.0 = Release|Any CPU
		{C56886E0-42D2-48D3-8034-B16881ABB1B7}.Debug|Any CPU.ActiveCfg = Debug|Any CPU
		{C56886E0-42D2-48D3-8034-B16881ABB1B7}.Debug|Any CPU.Build.0 = Debug|Any CPU
		{C56886E0-42D2-48D3-8034-B16881ABB1B7}.Release|Any CPU.ActiveCfg = Release|Any CPU
		{C56886E0-42D2-48D3-8034-B16881ABB1B7}.Release|Any CPU.Build.0 = Release|Any CPU
		{16084759-34B0-4C62-B0E1-A4F919FBA716}.Debug|Any CPU.ActiveCfg = Debug|Any CPU
		{16084759-34B0-4C62-B0E1-A4F919FBA716}.Debug|Any CPU.Build.0 = Debug|Any CPU
		{16084759-34B0-4C62-B0E1-A4F919FBA716}.Release|Any CPU.ActiveCfg = Release|Any CPU
		{16084759-34B0-4C62-B0E1-A4F919FBA716}.Release|Any CPU.Build.0 = Release|Any CPU
		{A69F8A62-51BF-46C9-8375-5C025C694B16}.Debug|Any CPU.ActiveCfg = Debug|Any CPU
		{A69F8A62-51BF-46C9-8375-5C025C694B16}.Debug|Any CPU.Build.0 = Debug|Any CPU
		{A69F8A62-51BF-46C9-8375-5C025C694B16}.Release|Any CPU.ActiveCfg = Release|Any CPU
		{A69F8A62-51BF-46C9-8375-5C025C694B16}.Release|Any CPU.Build.0 = Release|Any CPU
		{8CC73698-B748-4B78-B213-FACF91CAB669}.Debug|Any CPU.ActiveCfg = Debug|Any CPU
		{8CC73698-B748-4B78-B213-FACF91CAB669}.Debug|Any CPU.Build.0 = Debug|Any CPU
		{8CC73698-B748-4B78-B213-FACF91CAB669}.Release|Any CPU.ActiveCfg = Release|Any CPU
		{8CC73698-B748-4B78-B213-FACF91CAB669}.Release|Any CPU.Build.0 = Release|Any CPU
	EndGlobalSection
	GlobalSection(SolutionProperties) = preSolution
		HideSolutionNode = FALSE
	EndGlobalSection
	GlobalSection(ExtensibilityGlobals) = postSolution
		SolutionGuid = {03390B4B-FE57-4990-9E7B-B3E62A6BE71E}
	EndGlobalSection
EndGlobal
